// !$*UTF8*$!
{
	archiveVersion = 1;
	classes = {
	};
	objectVersion = 50;
	objects = {

/* Begin PBXBuildFile section */
		03E6277602CFFB82F08A1CD9 /* Pods_iOSCharts.framework in Frameworks */ = {isa = PBXBuildFile; fileRef = 682096070B74F83C09A129D5 /* Pods_iOSCharts.framework */; };
		3FC01F952409D096008FAB86 /* AppDelegate.swift in Sources */ = {isa = PBXBuildFile; fileRef = 3FC01F942409D096008FAB86 /* AppDelegate.swift */; };
		3FC01F972409D096008FAB86 /* SceneDelegate.swift in Sources */ = {isa = PBXBuildFile; fileRef = 3FC01F962409D096008FAB86 /* SceneDelegate.swift */; };
		3FC01F992409D096008FAB86 /* ViewController.swift in Sources */ = {isa = PBXBuildFile; fileRef = 3FC01F982409D096008FAB86 /* ViewController.swift */; };
		3FC01F9C2409D096008FAB86 /* Main.storyboard in Resources */ = {isa = PBXBuildFile; fileRef = 3FC01F9A2409D096008FAB86 /* Main.storyboard */; };
		3FC01F9E2409D099008FAB86 /* Assets.xcassets in Resources */ = {isa = PBXBuildFile; fileRef = 3FC01F9D2409D099008FAB86 /* Assets.xcassets */; };
		3FC01FA12409D099008FAB86 /* LaunchScreen.storyboard in Resources */ = {isa = PBXBuildFile; fileRef = 3FC01F9F2409D099008FAB86 /* LaunchScreen.storyboard */; };
/* End PBXBuildFile section */

/* Begin PBXFileReference section */
		047DAD39D3184019228BCA49 /* Pods-iOSCharts.debug.xcconfig */ = {isa = PBXFileReference; includeInIndex = 1; lastKnownFileType = text.xcconfig; name = "Pods-iOSCharts.debug.xcconfig"; path = "Target Support Files/Pods-iOSCharts/Pods-iOSCharts.debug.xcconfig"; sourceTree = "<group>"; };
		3FC01F912409D096008FAB86 /* iOSCharts.app */ = {isa = PBXFileReference; explicitFileType = wrapper.application; includeInIndex = 0; path = iOSCharts.app; sourceTree = BUILT_PRODUCTS_DIR; };
		3FC01F942409D096008FAB86 /* AppDelegate.swift */ = {isa = PBXFileReference; lastKnownFileType = sourcecode.swift; path = AppDelegate.swift; sourceTree = "<group>"; };
		3FC01F962409D096008FAB86 /* SceneDelegate.swift */ = {isa = PBXFileReference; lastKnownFileType = sourcecode.swift; path = SceneDelegate.swift; sourceTree = "<group>"; };
		3FC01F982409D096008FAB86 /* ViewController.swift */ = {isa = PBXFileReference; lastKnownFileType = sourcecode.swift; path = ViewController.swift; sourceTree = "<group>"; };
		3FC01F9B2409D096008FAB86 /* Base */ = {isa = PBXFileReference; lastKnownFileType = file.storyboard; name = Base; path = Base.lproj/Main.storyboard; sourceTree = "<group>"; };
		3FC01F9D2409D099008FAB86 /* Assets.xcassets */ = {isa = PBXFileReference; lastKnownFileType = folder.assetcatalog; path = Assets.xcassets; sourceTree = "<group>"; };
		3FC01FA02409D099008FAB86 /* Base */ = {isa = PBXFileReference; lastKnownFileType = file.storyboard; name = Base; path = Base.lproj/LaunchScreen.storyboard; sourceTree = "<group>"; };
		3FC01FA22409D099008FAB86 /* Info.plist */ = {isa = PBXFileReference; lastKnownFileType = text.plist.xml; path = Info.plist; sourceTree = "<group>"; };
		4A46996C0510234953A1F999 /* Pods-iOSCharts.release.xcconfig */ = {isa = PBXFileReference; includeInIndex = 1; lastKnownFileType = text.xcconfig; name = "Pods-iOSCharts.release.xcconfig"; path = "Target Support Files/Pods-iOSCharts/Pods-iOSCharts.release.xcconfig"; sourceTree = "<group>"; };
		682096070B74F83C09A129D5 /* Pods_iOSCharts.framework */ = {isa = PBXFileReference; explicitFileType = wrapper.framework; includeInIndex = 0; path = Pods_iOSCharts.framework; sourceTree = BUILT_PRODUCTS_DIR; };
/* End PBXFileReference section */

/* Begin PBXFrameworksBuildPhase section */
		3FC01F8E2409D096008FAB86 /* Frameworks */ = {
			isa = PBXFrameworksBuildPhase;
			buildActionMask = 2147483647;
			files = (
				03E6277602CFFB82F08A1CD9 /* Pods_iOSCharts.framework in Frameworks */,
			);
			runOnlyForDeploymentPostprocessing = 0;
		};
/* End PBXFrameworksBuildPhase section */

/* Begin PBXGroup section */
		3FC01F882409D096008FAB86 = {
			isa = PBXGroup;
			children = (
				3FC01F932409D096008FAB86 /* iOSCharts */,
				3FC01F922409D096008FAB86 /* Products */,
				B998CC73C78F91802A3497D3 /* Pods */,
				E4B0469434E2EDAE6F5C23E1 /* Frameworks */,
			);
			sourceTree = "<group>";
		};
		3FC01F922409D096008FAB86 /* Products */ = {
			isa = PBXGroup;
			children = (
				3FC01F912409D096008FAB86 /* iOSCharts.app */,
			);
			name = Products;
			sourceTree = "<group>";
		};
		3FC01F932409D096008FAB86 /* iOSCharts */ = {
			isa = PBXGroup;
			children = (
				3FC01F942409D096008FAB86 /* AppDelegate.swift */,
				3FC01F962409D096008FAB86 /* SceneDelegate.swift */,
				3FC01F982409D096008FAB86 /* ViewController.swift */,
				3FC01F9A2409D096008FAB86 /* Main.storyboard */,
				3FC01F9D2409D099008FAB86 /* Assets.xcassets */,
				3FC01F9F2409D099008FAB86 /* LaunchScreen.storyboard */,
				3FC01FA22409D099008FAB86 /* Info.plist */,
			);
			path = iOSCharts;
			sourceTree = "<group>";
		};
		B998CC73C78F91802A3497D3 /* Pods */ = {
			isa = PBXGroup;
			children = (
				047DAD39D3184019228BCA49 /* Pods-iOSCharts.debug.xcconfig */,
				4A46996C0510234953A1F999 /* Pods-iOSCharts.release.xcconfig */,
			);
			name = Pods;
			path = Pods;
			sourceTree = "<group>";
		};
		E4B0469434E2EDAE6F5C23E1 /* Frameworks */ = {
			isa = PBXGroup;
			children = (
				682096070B74F83C09A129D5 /* Pods_iOSCharts.framework */,
			);
			name = Frameworks;
			sourceTree = "<group>";
		};
/* End PBXGroup section */

/* Begin PBXNativeTarget section */
		3FC01F902409D096008FAB86 /* iOSCharts */ = {
			isa = PBXNativeTarget;
			buildConfigurationList = 3FC01FA52409D099008FAB86 /* Build configuration list for PBXNativeTarget "iOSCharts" */;
			buildPhases = (
				1646A50AADF7F085327736C6 /* [CP] Check Pods Manifest.lock */,
				3FC01F8D2409D096008FAB86 /* Sources */,
				3FC01F8E2409D096008FAB86 /* Frameworks */,
				3FC01F8F2409D096008FAB86 /* Resources */,
				26772689EDD46AA2E9ADF2C7 /* [CP] Embed Pods Frameworks */,
			);
			buildRules = (
			);
			dependencies = (
			);
			name = iOSCharts;
			productName = iOSCharts;
			productReference = 3FC01F912409D096008FAB86 /* iOSCharts.app */;
			productType = "com.apple.product-type.application";
		};
/* End PBXNativeTarget section */

/* Begin PBXProject section */
		3FC01F892409D096008FAB86 /* Project object */ = {
			isa = PBXProject;
			attributes = {
				LastSwiftUpdateCheck = 1130;
				LastUpgradeCheck = 1130;
				ORGANIZATIONNAME = student;
				TargetAttributes = {
					3FC01F902409D096008FAB86 = {
						CreatedOnToolsVersion = 11.3.1;
					};
				};
			};
			buildConfigurationList = 3FC01F8C2409D096008FAB86 /* Build configuration list for PBXProject "iOSCharts" */;
			compatibilityVersion = "Xcode 9.3";
			developmentRegion = en;
			hasScannedForEncodings = 0;
			knownRegions = (
				en,
				Base,
			);
			mainGroup = 3FC01F882409D096008FAB86;
			productRefGroup = 3FC01F922409D096008FAB86 /* Products */;
			projectDirPath = "";
			projectRoot = "";
			targets = (
				3FC01F902409D096008FAB86 /* iOSCharts */,
			);
		};
/* End PBXProject section */

/* Begin PBXResourcesBuildPhase section */
		3FC01F8F2409D096008FAB86 /* Resources */ = {
			isa = PBXResourcesBuildPhase;
			buildActionMask = 2147483647;
			files = (
				3FC01FA12409D099008FAB86 /* LaunchScreen.storyboard in Resources */,
				3FC01F9E2409D099008FAB86 /* Assets.xcassets in Resources */,
				3FC01F9C2409D096008FAB86 /* Main.storyboard in Resources */,
			);
			runOnlyForDeploymentPostprocessing = 0;
		};
/* End PBXResourcesBuildPhase section */

/* Begin PBXShellScriptBuildPhase section */
		1646A50AADF7F085327736C6 /* [CP] Check Pods Manifest.lock */ = {
			isa = PBXShellScriptBuildPhase;
			buildActionMask = 2147483647;
			files = (
			);
			inputFileListPaths = (
			);
			inputPaths = (
				"${PODS_PODFILE_DIR_PATH}/Podfile.lock",
				"${PODS_ROOT}/Manifest.lock",
			);
			name = "[CP] Check Pods Manifest.lock";
			outputFileListPaths = (
			);
			outputPaths = (
				"$(DERIVED_FILE_DIR)/Pods-iOSCharts-checkManifestLockResult.txt",
			);
			runOnlyForDeploymentPostprocessing = 0;
			shellPath = /bin/sh;
			shellScript = "diff \"${PODS_PODFILE_DIR_PATH}/Podfile.lock\" \"${PODS_ROOT}/Manifest.lock\" > /dev/null\nif [ $? != 0 ] ; then\n    # print error to STDERR\n    echo \"error: The sandbox is not in sync with the Podfile.lock. Run 'pod install' or update your CocoaPods installation.\" >&2\n    exit 1\nfi\n# This output is used by Xcode 'outputs' to avoid re-running this script phase.\necho \"SUCCESS\" > \"${SCRIPT_OUTPUT_FILE_0}\"\n";
			showEnvVarsInLog = 0;
		};
		26772689EDD46AA2E9ADF2C7 /* [CP] Embed Pods Frameworks */ = {
			isa = PBXShellScriptBuildPhase;
			buildActionMask = 2147483647;
			files = (
			);
			inputFileListPaths = (
				"${PODS_ROOT}/Target Support Files/Pods-iOSCharts/Pods-iOSCharts-frameworks-${CONFIGURATION}-input-files.xcfilelist",
			);
			name = "[CP] Embed Pods Frameworks";
			outputFileListPaths = (
				"${PODS_ROOT}/Target Support Files/Pods-iOSCharts/Pods-iOSCharts-frameworks-${CONFIGURATION}-output-files.xcfilelist",
			);
			runOnlyForDeploymentPostprocessing = 0;
			shellPath = /bin/sh;
			shellScript = "\"${PODS_ROOT}/Target Support Files/Pods-iOSCharts/Pods-iOSCharts-frameworks.sh\"\n";
			showEnvVarsInLog = 0;
		};
/* End PBXShellScriptBuildPhase section */

/* Begin PBXSourcesBuildPhase section */
		3FC01F8D2409D096008FAB86 /* Sources */ = {
			isa = PBXSourcesBuildPhase;
			buildActionMask = 2147483647;
			files = (
				3FC01F992409D096008FAB86 /* ViewController.swift in Sources */,
				3FC01F952409D096008FAB86 /* AppDelegate.swift in Sources */,
				3FC01F972409D096008FAB86 /* SceneDelegate.swift in Sources */,
			);
			runOnlyForDeploymentPostprocessing = 0;
		};
/* End PBXSourcesBuildPhase section */

/* Begin PBXVariantGroup section */
		3FC01F9A2409D096008FAB86 /* Main.storyboard */ = {
			isa = PBXVariantGroup;
			children = (
				3FC01F9B2409D096008FAB86 /* Base */,
			);
			name = Main.storyboard;
			sourceTree = "<group>";
		};
		3FC01F9F2409D099008FAB86 /* LaunchScreen.storyboard */ = {
			isa = PBXVariantGroup;
			children = (
				3FC01FA02409D099008FAB86 /* Base */,
			);
			name = LaunchScreen.storyboard;
			sourceTree = "<group>";
		};
/* End PBXVariantGroup section */

/* Begin XCBuildConfiguration section */
		3FC01FA32409D099008FAB86 /* Debug */ = {
			isa = XCBuildConfiguration;
			buildSettings = {
				ALWAYS_SEARCH_USER_PATHS = NO;
				CLANG_ANALYZER_NONNULL = YES;
				CLANG_ANALYZER_NUMBER_OBJECT_CONVERSION = YES_AGGRESSIVE;
				CLANG_CXX_LANGUAGE_STANDARD = "gnu++14";
				CLANG_CXX_LIBRARY = "libc++";
				CLANG_ENABLE_MODULES = YES;
				CLANG_ENABLE_OBJC_ARC = YES;
				CLANG_ENABLE_OBJC_WEAK = YES;
				CLANG_WARN_BLOCK_CAPTURE_AUTORELEASING = YES;
				CLANG_WARN_BOOL_CONVERSION = YES;
				CLANG_WARN_COMMA = YES;
				CLANG_WARN_CONSTANT_CONVERSION = YES;
				CLANG_WARN_DEPRECATED_OBJC_IMPLEMENTATIONS = YES;
				CLANG_WARN_DIRECT_OBJC_ISA_USAGE = YES_ERROR;
				CLANG_WARN_DOCUMENTATION_COMMENTS = YES;
				CLANG_WARN_EMPTY_BODY = YES;
				CLANG_WARN_ENUM_CONVERSION = YES;
				CLANG_WARN_INFINITE_RECURSION = YES;
				CLANG_WARN_INT_CONVERSION = YES;
				CLANG_WARN_NON_LITERAL_NULL_CONVERSION = YES;
				CLANG_WARN_OBJC_IMPLICIT_RETAIN_SELF = YES;
				CLANG_WARN_OBJC_LITERAL_CONVERSION = YES;
				CLANG_WARN_OBJC_ROOT_CLASS = YES_ERROR;
				CLANG_WARN_RANGE_LOOP_ANALYSIS = YES;
				CLANG_WARN_STRICT_PROTOTYPES = YES;
				CLANG_WARN_SUSPICIOUS_MOVE = YES;
				CLANG_WARN_UNGUARDED_AVAILABILITY = YES_AGGRESSIVE;
				CLANG_WARN_UNREACHABLE_CODE = YES;
				CLANG_WARN__DUPLICATE_METHOD_MATCH = YES;
				COPY_PHASE_STRIP = NO;
				DEBUG_INFORMATION_FORMAT = dwarf;
				ENABLE_STRICT_OBJC_MSGSEND = YES;
				ENABLE_TESTABILITY = YES;
				GCC_C_LANGUAGE_STANDARD = gnu11;
				GCC_DYNAMIC_NO_PIC = NO;
				GCC_NO_COMMON_BLOCKS = YES;
				GCC_OPTIMIZATION_LEVEL = 0;
				GCC_PREPROCESSOR_DEFINITIONS = (
					"DEBUG=1",
					"$(inherited)",
				);
				GCC_WARN_64_TO_32_BIT_CONVERSION = YES;
				GCC_WARN_ABOUT_RETURN_TYPE = YES_ERROR;
				GCC_WARN_UNDECLARED_SELECTOR = YES;
				GCC_WARN_UNINITIALIZED_AUTOS = YES_AGGRESSIVE;
				GCC_WARN_UNUSED_FUNCTION = YES;
				GCC_WARN_UNUSED_VARIABLE = YES;
				IPHONEOS_DEPLOYMENT_TARGET = 13.2;
				MTL_ENABLE_DEBUG_INFO = INCLUDE_SOURCE;
				MTL_FAST_MATH = YES;
				ONLY_ACTIVE_ARCH = YES;
				SDKROOT = iphoneos;
				SWIFT_ACTIVE_COMPILATION_CONDITIONS = DEBUG;
				SWIFT_OPTIMIZATION_LEVEL = "-Onone";
			};
			name = Debug;
		};
		3FC01FA42409D099008FAB86 /* Release */ = {
			isa = XCBuildConfiguration;
			buildSettings = {
				ALWAYS_SEARCH_USER_PATHS = NO;
				CLANG_ANALYZER_NONNULL = YES;
				CLANG_ANALYZER_NUMBER_OBJECT_CONVERSION = YES_AGGRESSIVE;
				CLANG_CXX_LANGUAGE_STANDARD = "gnu++14";
				CLANG_CXX_LIBRARY = "libc++";
				CLANG_ENABLE_MODULES = YES;
				CLANG_ENABLE_OBJC_ARC = YES;
				CLANG_ENABLE_OBJC_WEAK = YES;
				CLANG_WARN_BLOCK_CAPTURE_AUTORELEASING = YES;
				CLANG_WARN_BOOL_CONVERSION = YES;
				CLANG_WARN_COMMA = YES;
				CLANG_WARN_CONSTANT_CONVERSION = YES;
				CLANG_WARN_DEPRECATED_OBJC_IMPLEMENTATIONS = YES;
				CLANG_WARN_DIRECT_OBJC_ISA_USAGE = YES_ERROR;
				CLANG_WARN_DOCUMENTATION_COMMENTS = YES;
				CLANG_WARN_EMPTY_BODY = YES;
				CLANG_WARN_ENUM_CONVERSION = YES;
				CLANG_WARN_INFINITE_RECURSION = YES;
				CLANG_WARN_INT_CONVERSION = YES;
				CLANG_WARN_NON_LITERAL_NULL_CONVERSION = YES;
				CLANG_WARN_OBJC_IMPLICIT_RETAIN_SELF = YES;
				CLANG_WARN_OBJC_LITERAL_CONVERSION = YES;
				CLANG_WARN_OBJC_ROOT_CLASS = YES_ERROR;
				CLANG_WARN_RANGE_LOOP_ANALYSIS = YES;
				CLANG_WARN_STRICT_PROTOTYPES = YES;
				CLANG_WARN_SUSPICIOUS_MOVE = YES;
				CLANG_WARN_UNGUARDED_AVAILABILITY = YES_AGGRESSIVE;
				CLANG_WARN_UNREACHABLE_CODE = YES;
				CLANG_WARN__DUPLICATE_METHOD_MATCH = YES;
				COPY_PHASE_STRIP = NO;
				DEBUG_INFORMATION_FORMAT = "dwarf-with-dsym";
				ENABLE_NS_ASSERTIONS = NO;
				ENABLE_STRICT_OBJC_MSGSEND = YES;
				GCC_C_LANGUAGE_STANDARD = gnu11;
				GCC_NO_COMMON_BLOCKS = YES;
				GCC_WARN_64_TO_32_BIT_CONVERSION = YES;
				GCC_WARN_ABOUT_RETURN_TYPE = YES_ERROR;
				GCC_WARN_UNDECLARED_SELECTOR = YES;
				GCC_WARN_UNINITIALIZED_AUTOS = YES_AGGRESSIVE;
				GCC_WARN_UNUSED_FUNCTION = YES;
				GCC_WARN_UNUSED_VARIABLE = YES;
				IPHONEOS_DEPLOYMENT_TARGET = 13.2;
				MTL_ENABLE_DEBUG_INFO = NO;
				MTL_FAST_MATH = YES;
				SDKROOT = iphoneos;
				SWIFT_COMPILATION_MODE = wholemodule;
				SWIFT_OPTIMIZATION_LEVEL = "-O";
				VALIDATE_PRODUCT = YES;
			};
			name = Release;
		};
		3FC01FA62409D099008FAB86 /* Debug */ = {
			isa = XCBuildConfiguration;
			baseConfigurationReference = 047DAD39D3184019228BCA49 /* Pods-iOSCharts.debug.xcconfig */;
			buildSettings = {
				ASSETCATALOG_COMPILER_APPICON_NAME = AppIcon;
				CODE_SIGN_STYLE = Automatic;
				INFOPLIST_FILE = iOSCharts/Info.plist;
				LD_RUNPATH_SEARCH_PATHS = (
					"$(inherited)",
					"@executable_path/Frameworks",
				);
				PRODUCT_BUNDLE_IDENTIFIER = edu.nwmissouri.iOSCharts;
				PRODUCT_NAME = "$(TARGET_NAME)";
				SWIFT_VERSION = 5.0;
				TARGETED_DEVICE_FAMILY = "1,2";
			};
			name = Debug;
		};
		3FC01FA72409D099008FAB86 /* Release */ = {
			isa = XCBuildConfiguration;
			baseConfigurationReference = 4A46996C0510234953A1F999 /* Pods-iOSCharts.release.xcconfig */;
			buildSettings = {
				ASSETCATALOG_COMPILER_APPICON_NAME = AppIcon;
				CODE_SIGN_STYLE = Automatic;
				INFOPLIST_FILE = iOSCharts/Info.plist;
				LD_RUNPATH_SEARCH_PATHS = (
					"$(inherited)",
					"@executable_path/Frameworks",
				);
				PRODUCT_BUNDLE_IDENTIFIER = edu.nwmissouri.iOSCharts;
				PRODUCT_NAME = "$(TARGET_NAME)";
				SWIFT_VERSION = 5.0;
				TARGETED_DEVICE_FAMILY = "1,2";
			};
			name = Release;
		};
/* End XCBuildConfiguration section */

/* Begin XCConfigurationList section */
		3FC01F8C2409D096008FAB86 /* Build configuration list for PBXProject "iOSCharts" */ = {
			isa = XCConfigurationList;
			buildConfigurations = (
				3FC01FA32409D099008FAB86 /* Debug */,
				3FC01FA42409D099008FAB86 /* Release */,
			);
			defaultConfigurationIsVisible = 0;
			defaultConfigurationName = Release;
		};
		3FC01FA52409D099008FAB86 /* Build configuration list for PBXNativeTarget "iOSCharts" */ = {
			isa = XCConfigurationList;
			buildConfigurations = (
				3FC01FA62409D099008FAB86 /* Debug */,
				3FC01FA72409D099008FAB86 /* Release */,
			);
			defaultConfigurationIsVisible = 0;
			defaultConfigurationName = Release;
		};
/* End XCConfigurationList section */
	};
	rootObject = 3FC01F892409D096008FAB86 /* Project object */;
}
